
Microsoft Visual Studio Solution File, Format Version 12.00
# Visual Studio Version 17
VisualStudioVersion = 17.5.002.0
MinimumVisualStudioVersion = 10.0.40219.1
Project("{9A19103F-16F7-4668-BE54-9A1E7A4F7556}") = "Vinterprojektet", "Vinterprojektet.csproj", "{A8A180C8-943E-4EA9-9BF2-6B16F97D5FAB}"
EndProject
Global
	GlobalSection(SolutionConfigurationPlatforms) = preSolution
		Debug|Any CPU = Debug|Any CPU
		Release|Any CPU = Release|Any CPU
	EndGlobalSection
	GlobalSection(ProjectConfigurationPlatforms) = postSolution
		{A8A180C8-943E-4EA9-9BF2-6B16F97D5FAB}.Debug|Any CPU.ActiveCfg = Debug|Any CPU
		{A8A180C8-943E-4EA9-9BF2-6B16F97D5FAB}.Debug|Any CPU.Build.0 = Debug|Any CPU
		{A8A180C8-943E-4EA9-9BF2-6B16F97D5FAB}.Release|Any CPU.ActiveCfg = Release|Any CPU
		{A8A180C8-943E-4EA9-9BF2-6B16F97D5FAB}.Release|Any CPU.Build.0 = Release|Any CPU
	EndGlobalSection
	GlobalSection(SolutionProperties) = preSolution
		HideSolutionNode = FALSE
	EndGlobalSection
	GlobalSection(ExtensibilityGlobals) = postSolution
		SolutionGuid = {C485B141-A257-4892-90E2-ABA7D6B6838D}
	EndGlobalSection
EndGlobal
